{
  "name": "@ndiing/jwt",
  "version": "1.0.2",
  "lockfileVersion": 2,
  "requires": true,
  "packages": {
    "": {
      "name": "@ndiing/jwt",
      "version": "1.0.2",
      "license": "MIT",
      "dependencies": {
        "@ndiing/crypto": "^1.0.0"
      },
      "devDependencies": {}
    },
    "node_modules/@ndiing/crypto": {
      "version": "1.0.4",
      "resolved": "https://npm.pkg.github.com/download/@ndiing/crypto/1.0.4/fa435ab1f84549ac911f6e66f51fc517dbfcdb91",
      "integrity": "sha512-fqWB8jjWMR3M7B1kEv65j0wavUQrpklGcmGaN+UfhyGB50s7sG7tYaVYNRFwpiY73A9/1ETGaBhs1KU/RoAMhg==",
      "license": "MIT"
    }
  },
  "dependencies": {
    "@ndiing/crypto": {
      "version": "1.0.4",
      "resolved": "https://npm.pkg.github.com/download/@ndiing/crypto/1.0.4/fa435ab1f84549ac911f6e66f51fc517dbfcdb91",
      "integrity": "sha512-fqWB8jjWMR3M7B1kEv65j0wavUQrpklGcmGaN+UfhyGB50s7sG7tYaVYNRFwpiY73A9/1ETGaBhs1KU/RoAMhg=="
    }
  }
}
