{
  "name": "jwt",
  "lockfileVersion": 2,
  "requires": true,
  "packages": {
    "": {
      "dependencies": {
        "@ndiinginc/crypto": "^1.0.0"
      },
      "version": "1.0.1"
    },
    "node_modules/@ndiinginc/crypto": {
      "version": "1.0.0",
      "resolved": "https://registry.npmjs.org/@ndiinginc/crypto/-/crypto-1.0.0.tgz",
      "integrity": "sha512-Dft4qpR5zC/7ZgSgV5i7/ReiPxaQIXUOkk0+ajiz4bJjTGDYnMfJq1VLBpOhMIMCDtOCKUJxnxqYvvfML9rjig=="
    }
  },
  "dependencies": {
    "@ndiinginc/crypto": {
      "version": "1.0.0",
      "resolved": "https://registry.npmjs.org/@ndiinginc/crypto/-/crypto-1.0.0.tgz",
      "integrity": "sha512-Dft4qpR5zC/7ZgSgV5i7/ReiPxaQIXUOkk0+ajiz4bJjTGDYnMfJq1VLBpOhMIMCDtOCKUJxnxqYvvfML9rjig=="
    }
  },
  "version": "1.0.1"
}
