{
  "name": "@ndiing/jwt",
  "version": "1.0.0",
  "lockfileVersion": 2,
  "requires": true,
  "packages": {
    "": {
      "name": "@ndiing/jwt",
      "version": "1.0.0",
      "license": "MIT",
      "dependencies": {
        "@ndiing/crypto": "^1.0.0"
      },
      "devDependencies": {}
    },
    "node_modules/@ndiing/crypto": {
      "version": "1.0.2",
      "resolved": "https://npm.pkg.github.com/download/@ndiing/crypto/1.0.2/8bdc6079a930cd70e7a1c76568b23ae28092ad8cf6b498fafd2a8b8e6467eda8",
      "integrity": "sha512-JLpC/Cny1U2E6VA+Ptv+zeB3VsveWqwt22nps3KLXMQwdzQzb0pPftMv4yKJllm8VVvRlf92NtOZT3IEyAxc9A==",
      "license": "MIT"
    }
  },
  "dependencies": {
    "@ndiing/crypto": {
      "version": "1.0.2",
      "resolved": "https://npm.pkg.github.com/download/@ndiing/crypto/1.0.2/8bdc6079a930cd70e7a1c76568b23ae28092ad8cf6b498fafd2a8b8e6467eda8",
      "integrity": "sha512-JLpC/Cny1U2E6VA+Ptv+zeB3VsveWqwt22nps3KLXMQwdzQzb0pPftMv4yKJllm8VVvRlf92NtOZT3IEyAxc9A=="
    }
  }
}
